
Microsoft Visual Studio Solution File, Format Version 12.00
# Visual Studio Version 17
VisualStudioVersion = 17.8.34511.84
MinimumVisualStudioVersion = 10.0.40219.1
Project("{FAE04EC0-301F-11D3-BF4B-00C04F79EFBC}") = "quanInternet", "quanInternet\quanInternet.csproj", "{C2556EB6-BC95-4C8C-9044-D0485E404041}"
EndProject
Global
	GlobalSection(SolutionConfigurationPlatforms) = preSolution
		Debug|Any CPU = Debug|Any CPU
		Release|Any CPU = Release|Any CPU
	EndGlobalSection
	GlobalSection(ProjectConfigurationPlatforms) = postSolution
		{C2556EB6-BC95-4C8C-9044-D0485E404041}.Debug|Any CPU.ActiveCfg = Debug|Any CPU
		{C2556EB6-BC95-4C8C-9044-D0485E404041}.Debug|Any CPU.Build.0 = Debug|Any CPU
		{C2556EB6-BC95-4C8C-9044-D0485E404041}.Release|Any CPU.ActiveCfg = Release|Any CPU
		{C2556EB6-BC95-4C8C-9044-D0485E404041}.Release|Any CPU.Build.0 = Release|Any CPU
	EndGlobalSection
	GlobalSection(SolutionProperties) = preSolution
		HideSolutionNode = FALSE
	EndGlobalSection
	GlobalSection(ExtensibilityGlobals) = postSolution
		SolutionGuid = {FE3A01A5-C61A-461E-80D2-5B8DF0E7C47A}
	EndGlobalSection
EndGlobal
